
Microsoft Visual Studio Solution File, Format Version 10.00
# Visual Studio 2008
Project("{8BC9CEB8-8B4A-11D0-8D11-00A0C91BC942}") = "T3DLIB", "T3DLIB\T3DLIB.vcproj", "{2D00AB57-36DC-427E-96FB-88FC6676C90D}"
EndProject
Project("{8BC9CEB8-8B4A-11D0-8D11-00A0C91BC942}") = "myGame", "myGame\myGame.vcproj", "{2F061483-C206-43E8-89ED-AC2013209309}"
EndProject
Project("{8BC9CEB8-8B4A-11D0-8D11-00A0C91BC942}") = "tinyxml", "tinyxml\tinyxml.vcproj", "{C607BB7F-2BA8-43BA-BBF4-3CFF325F62D7}"
EndProject
Global
	GlobalSection(SolutionConfigurationPlatforms) = preSolution
		Debug|Win32 = Debug|Win32
		Release|Win32 = Release|Win32
	EndGlobalSection
	GlobalSection(ProjectConfigurationPlatforms) = postSolution
		{2D00AB57-36DC-427E-96FB-88FC6676C90D}.Debug|Win32.ActiveCfg = Debug|Win32
		{2D00AB57-36DC-427E-96FB-88FC6676C90D}.Debug|Win32.Build.0 = Debug|Win32
		{2D00AB57-36DC-427E-96FB-88FC6676C90D}.Release|Win32.ActiveCfg = Release|Win32
		{2D00AB57-36DC-427E-96FB-88FC6676C90D}.Release|Win32.Build.0 = Release|Win32
		{2F061483-C206-43E8-89ED-AC2013209309}.Debug|Win32.ActiveCfg = Debug|Win32
		{2F061483-C206-43E8-89ED-AC2013209309}.Debug|Win32.Build.0 = Debug|Win32
		{2F061483-C206-43E8-89ED-AC2013209309}.Release|Win32.ActiveCfg = Release|Win32
		{2F061483-C206-43E8-89ED-AC2013209309}.Release|Win32.Build.0 = Release|Win32
		{C607BB7F-2BA8-43BA-BBF4-3CFF325F62D7}.Debug|Win32.ActiveCfg = Debug|Win32
		{C607BB7F-2BA8-43BA-BBF4-3CFF325F62D7}.Debug|Win32.Build.0 = Debug|Win32
		{C607BB7F-2BA8-43BA-BBF4-3CFF325F62D7}.Release|Win32.ActiveCfg = Release|Win32
		{C607BB7F-2BA8-43BA-BBF4-3CFF325F62D7}.Release|Win32.Build.0 = Release|Win32
	EndGlobalSection
	GlobalSection(SolutionProperties) = preSolution
		HideSolutionNode = FALSE
	EndGlobalSection
EndGlobal
